
Microsoft Visual Studio Solution File, Format Version 12.00
# Visual Studio 15
VisualStudioVersion = 15.0.28010.2036
MinimumVisualStudioVersion = 10.0.40219.1
Project("{FAE04EC0-301F-11D3-BF4B-00C04F79EFBC}") = "HighMap3", "HighMap3\HighMap3\HighMap3.csproj", "{A2428824-4B45-41D7-AA85-556D4AC747C1}"
EndProject
Project("{96E2B04D-8817-42C6-938A-82C39BA4D311}") = "HighMap3Content", "HighMap3\HighMap3Content\HighMap3Content.contentproj", "{6CE1BC7B-B65D-4178-89B3-2499DA9E6F6B}"
EndProject
Global
	GlobalSection(SolutionConfigurationPlatforms) = preSolution
		Debug|x86 = Debug|x86
		Release|x86 = Release|x86
	EndGlobalSection
	GlobalSection(ProjectConfigurationPlatforms) = postSolution
		{A2428824-4B45-41D7-AA85-556D4AC747C1}.Debug|x86.ActiveCfg = Debug|x86
		{A2428824-4B45-41D7-AA85-556D4AC747C1}.Debug|x86.Build.0 = Debug|x86
		{A2428824-4B45-41D7-AA85-556D4AC747C1}.Release|x86.ActiveCfg = Release|x86
		{A2428824-4B45-41D7-AA85-556D4AC747C1}.Release|x86.Build.0 = Release|x86
		{6CE1BC7B-B65D-4178-89B3-2499DA9E6F6B}.Debug|x86.ActiveCfg = Debug|x86
		{6CE1BC7B-B65D-4178-89B3-2499DA9E6F6B}.Release|x86.ActiveCfg = Release|x86
	EndGlobalSection
	GlobalSection(SolutionProperties) = preSolution
		HideSolutionNode = FALSE
	EndGlobalSection
	GlobalSection(ExtensibilityGlobals) = postSolution
		SolutionGuid = {D5267CA0-25D6-482C-888E-35C30D251890}
	EndGlobalSection
EndGlobal
